{
  "requires": true,
  "lockfileVersion": 1,
  "dependencies": {
    "@jupyterlab/services": {
      "version": "0.35.1",
      "resolved": "https://registry.npmjs.org/@jupyterlab/services/-/services-0.35.1.tgz",
      "integrity": "sha1-m8DpQLOBIxz9MDPYrb6Qynyv2/E=",
      "requires": {
        "@types/minimist": "^1.1.29",
        "minimist": "^1.2.0",
        "path-posix": "^1.0.0",
        "phosphor": "^0.7.0",
        "url": "^0.11.0",
        "url-join": "^1.1.0"
      }
    },
    "@types/backbone": {
      "version": "1.4.5",
      "resolved": "https://registry.npmjs.org/@types/backbone/-/backbone-1.4.5.tgz",
      "integrity": "sha512-pSqM0eryp6V3G0srBtndUd9IJmiG2BAwYLQGPDcEPMjbfbgitlrN40+Lc1rrMjNMbV5QWywe6WPmNjdqyNTyIw==",
      "requires": {
        "@types/jquery": "*",
        "@types/underscore": "*"
      }
    },
    "@types/jquery": {
      "version": "3.5.5",
      "resolved": "https://registry.npmjs.org/@types/jquery/-/jquery-3.5.5.tgz",
      "integrity": "sha512-6RXU9Xzpc6vxNrS6FPPapN1SxSHgQ336WC6Jj/N8q30OiaBZ00l1GBgeP7usjVZPivSkGUfL1z/WW6TX989M+w==",
      "requires": {
        "@types/sizzle": "*"
      }
    },
    "@types/minimist": {
      "version": "1.2.1",
      "resolved": "https://registry.npmjs.org/@types/minimist/-/minimist-1.2.1.tgz",
      "integrity": "sha512-fZQQafSREFyuZcdWFAExYjBiCL7AUCdgsk80iO0q4yihYYdcIiH28CcuPTGFgLOCC8RlW49GSQxdHwZP+I7CNg=="
    },
    "@types/semver": {
      "version": "5.5.0",
      "resolved": "https://registry.npmjs.org/@types/semver/-/semver-5.5.0.tgz",
      "integrity": "sha512-41qEJgBH/TWgo5NFSvBCJ1qkoi3Q6ONSF2avrHq1LVEZfYpdHmj0y9SuTK+u9ZhG1sYQKBL1AWXKyLWP4RaUoQ=="
    },
    "@types/sizzle": {
      "version": "2.3.2",
      "resolved": "https://registry.npmjs.org/@types/sizzle/-/sizzle-2.3.2.tgz",
      "integrity": "sha512-7EJYyKTL7tFR8+gDbB6Wwz/arpGa0Mywk1TJbNzKzHtzbwVmY4HR9WqS5VV7dsBUKQmPNr192jHr/VpBluj/hg=="
    },
    "@types/underscore": {
      "version": "1.10.24",
      "resolved": "https://registry.npmjs.org/@types/underscore/-/underscore-1.10.24.tgz",
      "integrity": "sha512-T3NQD8hXNW2sRsSbLNjF/aBo18MyJlbw0lSpQHB/eZZtScPdexN4HSa8cByYwTw9Wy7KuOFr81mlDQcQQaZ79w=="
    },
    "ajv": {
      "version": "4.11.8",
      "resolved": "https://registry.npmjs.org/ajv/-/ajv-4.11.8.tgz",
      "integrity": "sha1-gv+wKynmYq5TvcIK8VlHcGc5xTY=",
      "requires": {
        "co": "^4.6.0",
        "json-stable-stringify": "^1.0.1"
      }
    },
    "backbone": {
      "version": "1.2.0",
      "resolved": "https://registry.npmjs.org/backbone/-/backbone-1.2.0.tgz",
      "integrity": "sha1-q6UvKjyq4RfYcfoHTq38ntMZPuc=",
      "requires": {
        "underscore": ">=1.7.0"
      }
    },
    "co": {
      "version": "4.6.0",
      "resolved": "https://registry.npmjs.org/co/-/co-4.6.0.tgz",
      "integrity": "sha1-bqa989hTrlTMuOR7+gvz+QMfsYQ="
    },
    "d3-format": {
      "version": "0.5.1",
      "resolved": "https://registry.npmjs.org/d3-format/-/d3-format-0.5.1.tgz",
      "integrity": "sha1-lEfXyVyEsV00wTiXXb8EiaQS5AU="
    },
    "font-awesome": {
      "version": "4.7.0",
      "resolved": "https://registry.npmjs.org/font-awesome/-/font-awesome-4.7.0.tgz",
      "integrity": "sha1-j6jPBBGhoxr9B7BtKQK7n8gVoTM="
    },
    "jquery": {
      "version": "3.5.1",
      "resolved": "https://registry.npmjs.org/jquery/-/jquery-3.5.1.tgz",
      "integrity": "sha512-XwIBPqcMn57FxfT+Go5pzySnm4KWkT1Tv7gjrpT1srtf8Weynl6R273VJ5GjkRb51IzMp5nbaPjJXMWeju2MKg=="
    },
    "jquery-ui": {
      "version": "1.12.1",
      "resolved": "https://registry.npmjs.org/jquery-ui/-/jquery-ui-1.12.1.tgz",
      "integrity": "sha1-vLQEXI3QU5wTS8FIjN0+dop6nlE="
    },
    "json-stable-stringify": {
      "version": "1.0.1",
      "resolved": "https://registry.npmjs.org/json-stable-stringify/-/json-stable-stringify-1.0.1.tgz",
      "integrity": "sha1-mnWdOcXy/1A/1TAGRu1EX4jE+a8=",
      "requires": {
        "jsonify": "~0.0.0"
      }
    },
    "jsonify": {
      "version": "0.0.0",
      "resolved": "https://registry.npmjs.org/jsonify/-/jsonify-0.0.0.tgz",
      "integrity": "sha1-LHS27kHZPKUbe1qu6PUDYx0lKnM="
    },
    "jupyter-js-widgets": {
      "version": "2.1.5",
      "resolved": "https://registry.npmjs.org/jupyter-js-widgets/-/jupyter-js-widgets-2.1.5.tgz",
      "integrity": "sha1-l/7aDF7qYHgeWswiuqdC+z1DkvY=",
      "requires": {
        "@jupyterlab/services": "^0.35.0",
        "@types/backbone": "^1.3.33",
        "@types/semver": "^5.3.30",
        "ajv": "^4.9.0",
        "backbone": "1.2.0",
        "d3-format": "^0.5.1",
        "font-awesome": "^4.5.0",
        "jquery": "^3.1.1",
        "jquery-ui": "^1.12.1",
        "jupyter-widgets-schema": "^0.1.1",
        "lolex": "^1.4.0",
        "phosphor": "^0.7.0",
        "scriptjs": "^2.5.8",
        "semver": "^5.1.0",
        "underscore": "^1.8.3"
      }
    },
    "jupyter-widgets-schema": {
      "version": "0.1.1",
      "resolved": "https://registry.npmjs.org/jupyter-widgets-schema/-/jupyter-widgets-schema-0.1.1.tgz",
      "integrity": "sha1-cqgTKBkUOTg+xFSWpPgYTZjIG0g="
    },
    "lolex": {
      "version": "1.6.0",
      "resolved": "https://registry.npmjs.org/lolex/-/lolex-1.6.0.tgz",
      "integrity": "sha1-OpoCg0UqR9dDnnJzG54H1zhuSfY="
    },
    "minimist": {
      "version": "1.2.5",
      "resolved": "https://registry.npmjs.org/minimist/-/minimist-1.2.5.tgz",
      "integrity": "sha512-FM9nNUYrRBAELZQT3xeZQ7fmMOBg6nWNmJKTcgsJeaLstP/UODVpGsr5OhXhhXg6f+qtJ8uiZ+PUxkDWcgIXLw=="
    },
    "path-posix": {
      "version": "1.0.0",
      "resolved": "https://registry.npmjs.org/path-posix/-/path-posix-1.0.0.tgz",
      "integrity": "sha1-BrJhE/Vr6rBCVFojv6iAA8ysJg8="
    },
    "phosphor": {
      "version": "0.7.1",
      "resolved": "https://registry.npmjs.org/phosphor/-/phosphor-0.7.1.tgz",
      "integrity": "sha1-+tEv6VaLyF6JxtVzJrpY0nodKyE="
    },
    "punycode": {
      "version": "1.3.2",
      "resolved": "https://registry.npmjs.org/punycode/-/punycode-1.3.2.tgz",
      "integrity": "sha1-llOgNvt8HuQjQvIyXM7v6jkmxI0="
    },
    "querystring": {
      "version": "0.2.0",
      "resolved": "https://registry.npmjs.org/querystring/-/querystring-0.2.0.tgz",
      "integrity": "sha1-sgmEkgO7Jd+CDadW50cAWHhSFiA="
    },
    "scriptjs": {
      "version": "2.5.9",
      "resolved": "https://registry.npmjs.org/scriptjs/-/scriptjs-2.5.9.tgz",
      "integrity": "sha512-qGVDoreyYiP1pkQnbnFAUIS5AjenNwwQBdl7zeos9etl+hYKWahjRTfzAZZYBv5xNHx7vNKCmaLDQZ6Fr2AEXg=="
    },
    "semver": {
      "version": "5.7.1",
      "resolved": "https://registry.npmjs.org/semver/-/semver-5.7.1.tgz",
      "integrity": "sha512-sauaDf/PZdVgrLTNYHRtpXa1iRiKcaebiKQ1BJdpQlWH2lCvexQdX55snPFyK7QzpudqbCI0qXFfOasHdyNDGQ=="
    },
    "underscore": {
      "version": "1.12.0",
      "resolved": "https://registry.npmjs.org/underscore/-/underscore-1.12.0.tgz",
      "integrity": "sha512-21rQzss/XPMjolTiIezSu3JAjgagXKROtNrYFEOWK109qY1Uv2tVjPTZ1ci2HgvQDA16gHYSthQIJfB+XId/rQ=="
    },
    "url": {
      "version": "0.11.0",
      "resolved": "https://registry.npmjs.org/url/-/url-0.11.0.tgz",
      "integrity": "sha1-ODjpfPxgUh63PFJajlW/3Z4uKPE=",
      "requires": {
        "punycode": "1.3.2",
        "querystring": "0.2.0"
      }
    },
    "url-join": {
      "version": "1.1.0",
      "resolved": "https://registry.npmjs.org/url-join/-/url-join-1.1.0.tgz",
      "integrity": "sha1-dBxsL0WWxIMNZxhGCSDQySIC3Hg="
    }
  }
}
